
Microsoft Visual Studio Solution File, Format Version 12.00
# Visual Studio Version 16
VisualStudioVersion = 16.0.29001.49
MinimumVisualStudioVersion = 10.0.40219.1
Project("{FAE04EC0-301F-11D3-BF4B-00C04F79EFBC}") = "SalesWebMvc", "SalesWebMvc\SalesWebMvc.csproj", "{495C30EA-3D28-4C4B-B06D-3D2D60851B30}"
EndProject
Global
	GlobalSection(SolutionConfigurationPlatforms) = preSolution
		Debug|Any CPU = Debug|Any CPU
		Release|Any CPU = Release|Any CPU
	EndGlobalSection
	GlobalSection(ProjectConfigurationPlatforms) = postSolution
		{495C30EA-3D28-4C4B-B06D-3D2D60851B30}.Debug|Any CPU.ActiveCfg = Debug|Any CPU
		{495C30EA-3D28-4C4B-B06D-3D2D60851B30}.Debug|Any CPU.Build.0 = Debug|Any CPU
		{495C30EA-3D28-4C4B-B06D-3D2D60851B30}.Release|Any CPU.ActiveCfg = Release|Any CPU
		{495C30EA-3D28-4C4B-B06D-3D2D60851B30}.Release|Any CPU.Build.0 = Release|Any CPU
	EndGlobalSection
	GlobalSection(SolutionProperties) = preSolution
		HideSolutionNode = FALSE
	EndGlobalSection
	GlobalSection(ExtensibilityGlobals) = postSolution
		SolutionGuid = {A58A20DF-96B8-482A-9809-F1B9F9E13D52}
	EndGlobalSection
EndGlobal
